Microsoft Visual Studio Solution File, Format Version 12.00
# Visual Studio Version 17
VisualStudioVersion = 17.14.35821.62
MinimumVisualStudioVersion = 10.0.40219.1
Project("{FAE04EC0-301F-11D3-BF4B-00C04F79EFBC}") = "SchulPlanerBot", "SchulPlanerBot\SchulPlanerBot.csproj", "{C2FAFDD7-6DAF-3BC1-9255-77274AB50949}"
EndProject
Project("{FAE04EC0-301F-11D3-BF4B-00C04F79EFBC}") = "SchulPlanerBot.AppHost", "SchulPlanerBot.AppHost\SchulPlanerBot.AppHost.csproj", "{A228FD35-9A0F-4650-A72A-2E0697D13864}"
EndProject
Project("{FAE04EC0-301F-11D3-BF4B-00C04F79EFBC}") = "SchulPlanerBot.ServiceDefaults", "SchulPlanerBot.ServiceDefaults\SchulPlanerBot.ServiceDefaults.csproj", "{BF30B31A-C3FB-1988-93E9-AFCE0B0052F6}"
EndProject
Project("{2150E333-8FDC-42A3-9474-1A3956D46DE8}") = "Shared", "Shared", "{4F52FD11-658E-A102-6CD3-7D7C16FFA15B}"
	ProjectSection(SolutionItems) = preProject
		Shared\KnownResourceNames.cs = Shared\KnownResourceNames.cs
	EndProjectSection
EndProject
Global
	GlobalSection(SolutionConfigurationPlatforms) = preSolution
		Debug|Any CPU = Debug|Any CPU
		Release|Any CPU = Release|Any CPU
	EndGlobalSection
	GlobalSection(ProjectConfigurationPlatforms) = postSolution
		{C2FAFDD7-6DAF-3BC1-9255-77274AB50949}.Debug|Any CPU.ActiveCfg = Debug|Any CPU
		{C2FAFDD7-6DAF-3BC1-9255-77274AB50949}.Debug|Any CPU.Build.0 = Debug|Any CPU
		{C2FAFDD7-6DAF-3BC1-9255-77274AB50949}.Release|Any CPU.ActiveCfg = Release|Any CPU
		{C2FAFDD7-6DAF-3BC1-9255-77274AB50949}.Release|Any CPU.Build.0 = Release|Any CPU
		{A228FD35-9A0F-4650-A72A-2E0697D13864}.Debug|Any CPU.ActiveCfg = Debug|Any CPU
		{A228FD35-9A0F-4650-A72A-2E0697D13864}.Debug|Any CPU.Build.0 = Debug|Any CPU
		{A228FD35-9A0F-4650-A72A-2E0697D13864}.Release|Any CPU.ActiveCfg = Release|Any CPU
		{A228FD35-9A0F-4650-A72A-2E0697D13864}.Release|Any CPU.Build.0 = Release|Any CPU
		{BF30B31A-C3FB-1988-93E9-AFCE0B0052F6}.Debug|Any CPU.ActiveCfg = Debug|Any CPU
		{BF30B31A-C3FB-1988-93E9-AFCE0B0052F6}.Debug|Any CPU.Build.0 = Debug|Any CPU
		{BF30B31A-C3FB-1988-93E9-AFCE0B0052F6}.Release|Any CPU.ActiveCfg = Release|Any CPU
		{BF30B31A-C3FB-1988-93E9-AFCE0B0052F6}.Release|Any CPU.Build.0 = Release|Any CPU
	EndGlobalSection
	GlobalSection(SolutionProperties) = preSolution
		HideSolutionNode = FALSE
	EndGlobalSection
	GlobalSection(ExtensibilityGlobals) = postSolution
		SolutionGuid = {1D7F6AAF-3B55-4283-8E2B-7399BABA861B}
	EndGlobalSection
EndGlobal
